{
  "object": {
    "pins": [
      {
        "package": "Commander",
        "repositoryURL": "https://github.com/devedbox/Commander.git",
        "state": {
          "branch": null,
          "revision": "2c41ee9f4ab8351a89ed927c67e8a0696f404838",
          "version": "0.3.2"
        }
      },
      {
        "package": "Files",
        "repositoryURL": "https://github.com/JohnSundell/Files.git",
        "state": {
          "branch": null,
          "revision": "06f95bd1bf4f8d5f50bc6bb30b808c253acd4c88",
          "version": "2.2.1"
        }
      },
      {
        "package": "Shellman",
        "repositoryURL": "https://github.com/devedbox/Shellman.git",
        "state": {
          "branch": null,
          "revision": "7b4482c0928442668064d6dceccab23bbddef138",
          "version": "0.1.1"
        }
      }
    ]
  },
  "version": 1
}
